
Microsoft Visual Studio Solution File, Format Version 12.00
# Visual Studio Version 17
VisualStudioVersion = 17.9.34622.214
MinimumVisualStudioVersion = 10.0.40219.1
Project("{FAE04EC0-301F-11D3-BF4B-00C04F79EFBC}") = "SensorService", "SensorService\SensorService.csproj", "{37C54380-A9B6-46AB-B7D9-1B9B08B8E5EE}"
EndProject
Project("{FAE04EC0-301F-11D3-BF4B-00C04F79EFBC}") = "SensorClient", "SensorClient\SensorClient.csproj", "{7FC1FA29-7656-4A49-8E86-FB0101AC5CBB}"
	ProjectSection(ProjectDependencies) = postProject
		{37C54380-A9B6-46AB-B7D9-1B9B08B8E5EE} = {37C54380-A9B6-46AB-B7D9-1B9B08B8E5EE}
	EndProjectSection
EndProject
Project("{FAE04EC0-301F-11D3-BF4B-00C04F79EFBC}") = "SensorData", "SensorData\SensorData.csproj", "{0BFA5332-EDC0-41D9-869E-D0D35FDBD51E}"
EndProject
Global
	GlobalSection(SolutionConfigurationPlatforms) = preSolution
		Debug|Any CPU = Debug|Any CPU
		Release|Any CPU = Release|Any CPU
	EndGlobalSection
	GlobalSection(ProjectConfigurationPlatforms) = postSolution
		{37C54380-A9B6-46AB-B7D9-1B9B08B8E5EE}.Debug|Any CPU.ActiveCfg = Debug|Any CPU
		{37C54380-A9B6-46AB-B7D9-1B9B08B8E5EE}.Debug|Any CPU.Build.0 = Debug|Any CPU
		{37C54380-A9B6-46AB-B7D9-1B9B08B8E5EE}.Release|Any CPU.ActiveCfg = Release|Any CPU
		{37C54380-A9B6-46AB-B7D9-1B9B08B8E5EE}.Release|Any CPU.Build.0 = Release|Any CPU
		{7FC1FA29-7656-4A49-8E86-FB0101AC5CBB}.Debug|Any CPU.ActiveCfg = Debug|Any CPU
		{7FC1FA29-7656-4A49-8E86-FB0101AC5CBB}.Debug|Any CPU.Build.0 = Debug|Any CPU
		{7FC1FA29-7656-4A49-8E86-FB0101AC5CBB}.Release|Any CPU.ActiveCfg = Release|Any CPU
		{7FC1FA29-7656-4A49-8E86-FB0101AC5CBB}.Release|Any CPU.Build.0 = Release|Any CPU
		{0BFA5332-EDC0-41D9-869E-D0D35FDBD51E}.Debug|Any CPU.ActiveCfg = Debug|Any CPU
		{0BFA5332-EDC0-41D9-869E-D0D35FDBD51E}.Debug|Any CPU.Build.0 = Debug|Any CPU
		{0BFA5332-EDC0-41D9-869E-D0D35FDBD51E}.Release|Any CPU.ActiveCfg = Release|Any CPU
		{0BFA5332-EDC0-41D9-869E-D0D35FDBD51E}.Release|Any CPU.Build.0 = Release|Any CPU
	EndGlobalSection
	GlobalSection(SolutionProperties) = preSolution
		HideSolutionNode = FALSE
	EndGlobalSection
	GlobalSection(ExtensibilityGlobals) = postSolution
		SolutionGuid = {7941A823-AE1C-4236-803D-DBEF85263A56}
	EndGlobalSection
EndGlobal
